
Microsoft Visual Studio Solution File, Format Version 12.00
# Visual Studio Version 16
VisualStudioVersion = 16.0.31005.135
MinimumVisualStudioVersion = 10.0.40219.1
Project("{FAE04EC0-301F-11D3-BF4B-00C04F79EFBC}") = "ZACHET3", "ZACHET3\ZACHET3.csproj", "{804D151E-0971-4ECA-9CAB-49937DEA869A}"
EndProject
Global
	GlobalSection(SolutionConfigurationPlatforms) = preSolution
		Debug|Any CPU = Debug|Any CPU
		Release|Any CPU = Release|Any CPU
	EndGlobalSection
	GlobalSection(ProjectConfigurationPlatforms) = postSolution
		{804D151E-0971-4ECA-9CAB-49937DEA869A}.Debug|Any CPU.ActiveCfg = Debug|Any CPU
		{804D151E-0971-4ECA-9CAB-49937DEA869A}.Debug|Any CPU.Build.0 = Debug|Any CPU
		{804D151E-0971-4ECA-9CAB-49937DEA869A}.Release|Any CPU.ActiveCfg = Release|Any CPU
		{804D151E-0971-4ECA-9CAB-49937DEA869A}.Release|Any CPU.Build.0 = Release|Any CPU
	EndGlobalSection
	GlobalSection(SolutionProperties) = preSolution
		HideSolutionNode = FALSE
	EndGlobalSection
	GlobalSection(ExtensibilityGlobals) = postSolution
		SolutionGuid = {C69BD852-31B7-40C0-857E-F66E7A745DD9}
	EndGlobalSection
EndGlobal
